# THIS IS AN AUTOGENERATED FILE. DO NOT EDIT THIS FILE DIRECTLY.
# yarn lockfile v1


babel-runtime@^6.23.0, babel-runtime@^6.26.0:
  version "6.26.0"
  resolved "https://registry.yarnpkg.com/babel-runtime/-/babel-runtime-6.26.0.tgz#965c7058668e82b55d7bfe04ff2337bc8b5647fe"
  dependencies:
    core-js "^2.4.0"
    regenerator-runtime "^0.11.0"

core-js@^2.4.0:
  version "2.5.0"
  resolved "https://registry.yarnpkg.com/core-js/-/core-js-2.5.0.tgz#569c050918be6486b3837552028ae0466b717086"

een@^0.23.0:
  version "0.23.0"
  resolved "https://registry.yarnpkg.com/een/-/een-0.23.0.tgz#ce62f17e69ec672e233f5ace45b34d256a1e506e"
  dependencies:
    babel-runtime "^6.23.0"
    eqe "^0.5.0"
    raze "^0.34.0"
    truly "^0.20.0"

eqe@^0.5.0:
  version "0.5.0"
  resolved "https://registry.yarnpkg.com/eqe/-/eqe-0.5.0.tgz#be8cecd3270dc2a871c20f068f63e9188b09317b"
  dependencies:
    babel-runtime "^6.23.0"
    nafe "^0.5.0"
    stringe "^0.5.0"

falzy@^0.23.0:
  version "0.23.0"
  resolved "https://registry.yarnpkg.com/falzy/-/falzy-0.23.0.tgz#fec52a7df6e80adaf47bb89d47ca5a714566b664"
  dependencies:
    babel-runtime "^6.23.0"

fname@^0.13.0:
  version "0.13.0"
  resolved "https://registry.yarnpkg.com/fname/-/fname-0.13.0.tgz#48ac7cdf3e2f3141d42947161dd517ccf7af56db"
  dependencies:
    babel-runtime "^6.23.0"
    falzy "^0.23.0"
    mtch "^0.6.0"
    nmde "^0.5.0"

mtch@^0.6.0:
  version "0.6.0"
  resolved "https://registry.yarnpkg.com/mtch/-/mtch-0.6.0.tgz#3d899466fe39b4178cfe131f24836a225851833c"
  dependencies:
    babel-runtime "^6.23.0"
    falzy "^0.23.0"
    raze "^0.34.0"
    stringe "^0.5.0"
    truly "^0.20.0"

nafe@^0.5.0:
  version "0.5.0"
  resolved "https://registry.yarnpkg.com/nafe/-/nafe-0.5.0.tgz#9e4ec8c420868d52fa1126cba8cc91aef20bc101"
  dependencies:
    babel-runtime "^6.23.0"
    falzy "^0.23.0"
    stringe "^0.5.0"

nmde@^0.5.0:
  version "0.5.0"
  resolved "https://registry.yarnpkg.com/nmde/-/nmde-0.5.0.tgz#9c39debf8bc44ea3e86add443b0915d72915feae"
  dependencies:
    babel-runtime "^6.23.0"
    falzy "^0.23.0"
    truly "^0.20.0"

raze@^0.34.0:
  version "0.34.0"
  resolved "https://registry.yarnpkg.com/raze/-/raze-0.34.0.tgz#12200a3b84d46fdc81bd6ef3b38fdf3e9fff672b"
  dependencies:
    babel-runtime "^6.23.0"

regenerator-runtime@^0.11.0:
  version "0.11.0"
  resolved "https://registry.yarnpkg.com/regenerator-runtime/-/regenerator-runtime-0.11.0.tgz#7e54fe5b5ccd5d6624ea6255c3473be090b802e1"

stringe@^0.5.0:
  version "0.5.0"
  resolved "https://registry.yarnpkg.com/stringe/-/stringe-0.5.0.tgz#7b2e25c7a652bb67dd2e573f203bb2a21d72e66d"
  dependencies:
    babel-runtime "^6.23.0"

truly@^0.20.0:
  version "0.20.0"
  resolved "https://registry.yarnpkg.com/truly/-/truly-0.20.0.tgz#d751565112b9408b3ea007ea7919e900d2856992"
  dependencies:
    babel-runtime "^6.23.0"
